
Microsoft Visual Studio Solution File, Format Version 12.00
Project("{FAE04EC0-301F-11D3-BF4B-00C04F79EFBC}") = "Visitor", "Visitor\Visitor.csproj", "{BDD92369-618C-4A08-9659-BB182569B518}"
EndProject
Project("{FAE04EC0-301F-11D3-BF4B-00C04F79EFBC}") = "Observer", "Observer\Observer.csproj", "{9D7B991F-7410-400E-9541-216AD390D17D}"
EndProject
Project("{FAE04EC0-301F-11D3-BF4B-00C04F79EFBC}") = "Strategy", "Strategy\Strategy.csproj", "{54577123-F847-417B-96D8-2B3C0376CD34}"
EndProject
Project("{FAE04EC0-301F-11D3-BF4B-00C04F79EFBC}") = "TemplateMethod", "TemplateMethod\TemplateMethod.csproj", "{85D899CE-65B5-4DEB-82F3-3A4730603C79}"
EndProject
Project("{FAE04EC0-301F-11D3-BF4B-00C04F79EFBC}") = "Command", "Command\Command.csproj", "{96118973-D1D8-42A0-9FEC-45B747CA54ED}"
EndProject
Project("{FAE04EC0-301F-11D3-BF4B-00C04F79EFBC}") = "Iterator", "Iterator\Iterator.csproj", "{21718103-93B4-4971-A9C1-FC0019EA3A67}"
EndProject
Project("{FAE04EC0-301F-11D3-BF4B-00C04F79EFBC}") = "Memento", "Memento\Memento.csproj", "{CB3353A9-ABB8-4C0E-8DB1-E6770F8A50BC}"
EndProject
Global
	GlobalSection(SolutionConfigurationPlatforms) = preSolution
		Debug|Any CPU = Debug|Any CPU
		Release|Any CPU = Release|Any CPU
	EndGlobalSection
	GlobalSection(ProjectConfigurationPlatforms) = postSolution
		{BDD92369-618C-4A08-9659-BB182569B518}.Debug|Any CPU.ActiveCfg = Debug|Any CPU
		{BDD92369-618C-4A08-9659-BB182569B518}.Debug|Any CPU.Build.0 = Debug|Any CPU
		{BDD92369-618C-4A08-9659-BB182569B518}.Release|Any CPU.ActiveCfg = Release|Any CPU
		{BDD92369-618C-4A08-9659-BB182569B518}.Release|Any CPU.Build.0 = Release|Any CPU
		{9D7B991F-7410-400E-9541-216AD390D17D}.Debug|Any CPU.ActiveCfg = Debug|Any CPU
		{9D7B991F-7410-400E-9541-216AD390D17D}.Debug|Any CPU.Build.0 = Debug|Any CPU
		{9D7B991F-7410-400E-9541-216AD390D17D}.Release|Any CPU.ActiveCfg = Release|Any CPU
		{9D7B991F-7410-400E-9541-216AD390D17D}.Release|Any CPU.Build.0 = Release|Any CPU
		{54577123-F847-417B-96D8-2B3C0376CD34}.Debug|Any CPU.ActiveCfg = Debug|Any CPU
		{54577123-F847-417B-96D8-2B3C0376CD34}.Debug|Any CPU.Build.0 = Debug|Any CPU
		{54577123-F847-417B-96D8-2B3C0376CD34}.Release|Any CPU.ActiveCfg = Release|Any CPU
		{54577123-F847-417B-96D8-2B3C0376CD34}.Release|Any CPU.Build.0 = Release|Any CPU
		{85D899CE-65B5-4DEB-82F3-3A4730603C79}.Debug|Any CPU.ActiveCfg = Debug|Any CPU
		{85D899CE-65B5-4DEB-82F3-3A4730603C79}.Debug|Any CPU.Build.0 = Debug|Any CPU
		{85D899CE-65B5-4DEB-82F3-3A4730603C79}.Release|Any CPU.ActiveCfg = Release|Any CPU
		{85D899CE-65B5-4DEB-82F3-3A4730603C79}.Release|Any CPU.Build.0 = Release|Any CPU
		{96118973-D1D8-42A0-9FEC-45B747CA54ED}.Debug|Any CPU.ActiveCfg = Debug|Any CPU
		{96118973-D1D8-42A0-9FEC-45B747CA54ED}.Debug|Any CPU.Build.0 = Debug|Any CPU
		{96118973-D1D8-42A0-9FEC-45B747CA54ED}.Release|Any CPU.ActiveCfg = Release|Any CPU
		{96118973-D1D8-42A0-9FEC-45B747CA54ED}.Release|Any CPU.Build.0 = Release|Any CPU
		{21718103-93B4-4971-A9C1-FC0019EA3A67}.Debug|Any CPU.ActiveCfg = Debug|Any CPU
		{21718103-93B4-4971-A9C1-FC0019EA3A67}.Debug|Any CPU.Build.0 = Debug|Any CPU
		{21718103-93B4-4971-A9C1-FC0019EA3A67}.Release|Any CPU.ActiveCfg = Release|Any CPU
		{21718103-93B4-4971-A9C1-FC0019EA3A67}.Release|Any CPU.Build.0 = Release|Any CPU
		{CB3353A9-ABB8-4C0E-8DB1-E6770F8A50BC}.Debug|Any CPU.ActiveCfg = Debug|Any CPU
		{CB3353A9-ABB8-4C0E-8DB1-E6770F8A50BC}.Debug|Any CPU.Build.0 = Debug|Any CPU
		{CB3353A9-ABB8-4C0E-8DB1-E6770F8A50BC}.Release|Any CPU.ActiveCfg = Release|Any CPU
		{CB3353A9-ABB8-4C0E-8DB1-E6770F8A50BC}.Release|Any CPU.Build.0 = Release|Any CPU
	EndGlobalSection
EndGlobal
